
Microsoft Visual Studio Solution File, Format Version 12.00
# Visual Studio Version 17
VisualStudioVersion = 17.9.34723.18
MinimumVisualStudioVersion = 10.0.40219.1
Project("{FAE04EC0-301F-11D3-BF4B-00C04F79EFBC}") = "DataContext", "DataContext\DataContext.csproj", "{1F2C4428-0918-4EE0-A872-5B42AF189BFF}"
EndProject
Project("{FAE04EC0-301F-11D3-BF4B-00C04F79EFBC}") = "UI.Ecommerce", "UI.Ecommerce\UI.Ecommerce.csproj", "{D3C4A028-B388-4E28-9F4F-54F66EE097BE}"
EndProject
Global
	GlobalSection(SolutionConfigurationPlatforms) = preSolution
		Debug|Any CPU = Debug|Any CPU
		Release|Any CPU = Release|Any CPU
	EndGlobalSection
	GlobalSection(ProjectConfigurationPlatforms) = postSolution
		{1F2C4428-0918-4EE0-A872-5B42AF189BFF}.Debug|Any CPU.ActiveCfg = Debug|Any CPU
		{1F2C4428-0918-4EE0-A872-5B42AF189BFF}.Debug|Any CPU.Build.0 = Debug|Any CPU
		{1F2C4428-0918-4EE0-A872-5B42AF189BFF}.Release|Any CPU.ActiveCfg = Release|Any CPU
		{1F2C4428-0918-4EE0-A872-5B42AF189BFF}.Release|Any CPU.Build.0 = Release|Any CPU
		{D3C4A028-B388-4E28-9F4F-54F66EE097BE}.Debug|Any CPU.ActiveCfg = Debug|Any CPU
		{D3C4A028-B388-4E28-9F4F-54F66EE097BE}.Debug|Any CPU.Build.0 = Debug|Any CPU
		{D3C4A028-B388-4E28-9F4F-54F66EE097BE}.Release|Any CPU.ActiveCfg = Release|Any CPU
		{D3C4A028-B388-4E28-9F4F-54F66EE097BE}.Release|Any CPU.Build.0 = Release|Any CPU
	EndGlobalSection
	GlobalSection(SolutionProperties) = preSolution
		HideSolutionNode = FALSE
	EndGlobalSection
	GlobalSection(ExtensibilityGlobals) = postSolution
		SolutionGuid = {52E794A4-A22B-495F-A0FF-22127E028509}
	EndGlobalSection
EndGlobal
